
Microsoft Visual Studio Solution File, Format Version 12.00
# Visual Studio Version 16
VisualStudioVersion = 16.0.28407.52
MinimumVisualStudioVersion = 10.0.40219.1
Project("{FAE04EC0-301F-11D3-BF4B-00C04F79EFBC}") = "DiscordGifSplitter", "DiscordGifSplitter\DiscordGifSplitter.csproj", "{C972EAB5-993E-44FD-AAEE-6EF536AA3644}"
EndProject
Project("{9A19103F-16F7-4668-BE54-9A1E7A4F7556}") = "DiscordGifSplitterCore", "DiscordGifSplitterCore\DiscordGifSplitterCore.csproj", "{07E676BB-8D73-474F-874C-B6881DAAA3CF}"
EndProject
Global
	GlobalSection(SolutionConfigurationPlatforms) = preSolution
		Debug|Any CPU = Debug|Any CPU
		Release|Any CPU = Release|Any CPU
	EndGlobalSection
	GlobalSection(ProjectConfigurationPlatforms) = postSolution
		{C972EAB5-993E-44FD-AAEE-6EF536AA3644}.Debug|Any CPU.ActiveCfg = Debug|Any CPU
		{C972EAB5-993E-44FD-AAEE-6EF536AA3644}.Debug|Any CPU.Build.0 = Debug|Any CPU
		{C972EAB5-993E-44FD-AAEE-6EF536AA3644}.Release|Any CPU.ActiveCfg = Release|Any CPU
		{C972EAB5-993E-44FD-AAEE-6EF536AA3644}.Release|Any CPU.Build.0 = Release|Any CPU
		{07E676BB-8D73-474F-874C-B6881DAAA3CF}.Debug|Any CPU.ActiveCfg = Debug|Any CPU
		{07E676BB-8D73-474F-874C-B6881DAAA3CF}.Debug|Any CPU.Build.0 = Debug|Any CPU
		{07E676BB-8D73-474F-874C-B6881DAAA3CF}.Release|Any CPU.ActiveCfg = Release|Any CPU
		{07E676BB-8D73-474F-874C-B6881DAAA3CF}.Release|Any CPU.Build.0 = Release|Any CPU
	EndGlobalSection
	GlobalSection(SolutionProperties) = preSolution
		HideSolutionNode = FALSE
	EndGlobalSection
	GlobalSection(ExtensibilityGlobals) = postSolution
		SolutionGuid = {CCF34323-0FDF-44C3-9EB2-F83B4F90D91C}
	EndGlobalSection
EndGlobal
